// !$*UTF8*$!
{
	archiveVersion = 1;
	classes = {
	};
	objectVersion = 56;
	objects = {

/* Begin PBXBuildFile section */
		31A0D9C62BBE8143001B76E1 /* NoteApp.swift in Sources */ = {isa = PBXBuildFile; fileRef = 31A0D9C52BBE8143001B76E1 /* NoteApp.swift */; };
		31A0D9C82BBE8143001B76E1 /* ContentView.swift in Sources */ = {isa = PBXBuildFile; fileRef = 31A0D9C72BBE8143001B76E1 /* ContentView.swift */; };
		31A0D9CA2BBE8144001B76E1 /* Assets.xcassets in Resources */ = {isa = PBXBuildFile; fileRef = 31A0D9C92BBE8144001B76E1 /* Assets.xcassets */; };
		31A0D9CE2BBE8144001B76E1 /* Preview Assets.xcassets in Resources */ = {isa = PBXBuildFile; fileRef = 31A0D9CD2BBE8144001B76E1 /* Preview Assets.xcassets */; };
		31A0D9D82BBE8145001B76E1 /* NoteTests.swift in Sources */ = {isa = PBXBuildFile; fileRef = 31A0D9D72BBE8145001B76E1 /* NoteTests.swift */; };
		31A0D9E22BBE8145001B76E1 /* NoteUITests.swift in Sources */ = {isa = PBXBuildFile; fileRef = 31A0D9E12BBE8145001B76E1 /* NoteUITests.swift */; };
		31A0D9E42BBE8145001B76E1 /* NoteUITestsLaunchTests.swift in Sources */ = {isa = PBXBuildFile; fileRef = 31A0D9E32BBE8145001B76E1 /* NoteUITestsLaunchTests.swift */; };
		31A0D9F52BBE81E5001B76E1 /* User.swift in Sources */ = {isa = PBXBuildFile; fileRef = 31A0D9F42BBE81E5001B76E1 /* User.swift */; };
		31A0D9F72BBE81F4001B76E1 /* NoteAppItem.swift in Sources */ = {isa = PBXBuildFile; fileRef = 31A0D9F62BBE81F4001B76E1 /* NoteAppItem.swift */; };
		31A0D9F92BBE8240001B76E1 /* MainViewModel.swift in Sources */ = {isa = PBXBuildFile; fileRef = 31A0D9F82BBE8240001B76E1 /* MainViewModel.swift */; };
		31A0D9FB2BBE8257001B76E1 /* LoginViewModel.swift in Sources */ = {isa = PBXBuildFile; fileRef = 31A0D9FA2BBE8257001B76E1 /* LoginViewModel.swift */; };
		31A0D9FD2BBE8266001B76E1 /* RegisterViewModel.swift in Sources */ = {isa = PBXBuildFile; fileRef = 31A0D9FC2BBE8266001B76E1 /* RegisterViewModel.swift */; };
		31A0D9FF2BBE8274001B76E1 /* NoteAppViewModel.swift in Sources */ = {isa = PBXBuildFile; fileRef = 31A0D9FE2BBE8274001B76E1 /* NoteAppViewModel.swift */; };
		31A0DA012BBE8288001B76E1 /* ProfileViewModel.swift in Sources */ = {isa = PBXBuildFile; fileRef = 31A0DA002BBE8288001B76E1 /* ProfileViewModel.swift */; };
		31A0DA032BBE8295001B76E1 /* NoteAppItemViewModel.swift in Sources */ = {isa = PBXBuildFile; fileRef = 31A0DA022BBE8295001B76E1 /* NoteAppItemViewModel.swift */; };
		31A0DA052BBE829F001B76E1 /* NoteItemViewModel.swift in Sources */ = {isa = PBXBuildFile; fileRef = 31A0DA042BBE829F001B76E1 /* NoteItemViewModel.swift */; };
		31A0DA072BBE82FC001B76E1 /* GoogleService-Info.plist in Resources */ = {isa = PBXBuildFile; fileRef = 31A0DA062BBE82FC001B76E1 /* GoogleService-Info.plist */; };
		31A0DA0B2BBE83B4001B76E1 /* FirebaseAuth in Frameworks */ = {isa = PBXBuildFile; productRef = 31A0DA0A2BBE83B4001B76E1 /* FirebaseAuth */; };
		31A0DA0D2BBE83B4001B76E1 /* FirebaseDatabase in Frameworks */ = {isa = PBXBuildFile; productRef = 31A0DA0C2BBE83B4001B76E1 /* FirebaseDatabase */; };
		31A0DA0F2BBE83B4001B76E1 /* FirebaseFirestoreSwift in Frameworks */ = {isa = PBXBuildFile; productRef = 31A0DA0E2BBE83B4001B76E1 /* FirebaseFirestoreSwift */; };
		31A0DA112BBE850D001B76E1 /* MainView.swift in Sources */ = {isa = PBXBuildFile; fileRef = 31A0DA102BBE850D001B76E1 /* MainView.swift */; };
		31A0DA132BBE8534001B76E1 /* LoginView.swift in Sources */ = {isa = PBXBuildFile; fileRef = 31A0DA122BBE8534001B76E1 /* LoginView.swift */; };
		31A0DA152BBE8540001B76E1 /* RegisterView.swift in Sources */ = {isa = PBXBuildFile; fileRef = 31A0DA142BBE8540001B76E1 /* RegisterView.swift */; };
		31A0DA172BBE854E001B76E1 /* NoteAppView.swift in Sources */ = {isa = PBXBuildFile; fileRef = 31A0DA162BBE854E001B76E1 /* NoteAppView.swift */; };
		31A0DA1B2BBE8571001B76E1 /* ProfileView.swift in Sources */ = {isa = PBXBuildFile; fileRef = 31A0DA1A2BBE8571001B76E1 /* ProfileView.swift */; };
		31A0DA1D2BBE8580001B76E1 /* NoteAppItemView.swift in Sources */ = {isa = PBXBuildFile; fileRef = 31A0DA1C2BBE8580001B76E1 /* NoteAppItemView.swift */; };
		31A0DA1F2BBE858B001B76E1 /* HeaderView.swift in Sources */ = {isa = PBXBuildFile; fileRef = 31A0DA1E2BBE858B001B76E1 /* HeaderView.swift */; };
		31A0DA212BBE859C001B76E1 /* TLButton.swift in Sources */ = {isa = PBXBuildFile; fileRef = 31A0DA202BBE859C001B76E1 /* TLButton.swift */; };
		31A0DA232BBE85BB001B76E1 /* Extensions.swift in Sources */ = {isa = PBXBuildFile; fileRef = 31A0DA222BBE85BB001B76E1 /* Extensions.swift */; };
		31A0DA252BBE867D001B76E1 /* NewItemView.swift in Sources */ = {isa = PBXBuildFile; fileRef = 31A0DA242BBE867D001B76E1 /* NewItemView.swift */; };
		31A0DA2D2BBE8F10001B76E1 /* NotepadView.swift in Sources */ = {isa = PBXBuildFile; fileRef = 31A0DA2C2BBE8F10001B76E1 /* NotepadView.swift */; };
		31A0DA2F2BBE8F1D001B76E1 /* TextView.swift in Sources */ = {isa = PBXBuildFile; fileRef = 31A0DA2E2BBE8F1D001B76E1 /* TextView.swift */; };
/* End PBXBuildFile section */

/* Begin PBXContainerItemProxy section */
		31A0D9D42BBE8144001B76E1 /* PBXContainerItemProxy */ = {
			isa = PBXContainerItemProxy;
			containerPortal = 31A0D9BA2BBE8143001B76E1 /* Project object */;
			proxyType = 1;
			remoteGlobalIDString = 31A0D9C12BBE8143001B76E1;
			remoteInfo = Note;
		};
		31A0D9DE2BBE8145001B76E1 /* PBXContainerItemProxy */ = {
			isa = PBXContainerItemProxy;
			containerPortal = 31A0D9BA2BBE8143001B76E1 /* Project object */;
			proxyType = 1;
			remoteGlobalIDString = 31A0D9C12BBE8143001B76E1;
			remoteInfo = Note;
		};
/* End PBXContainerItemProxy section */

/* Begin PBXFileReference section */
		31A0D9C22BBE8143001B76E1 /* Note.app */ = {isa = PBXFileReference; explicitFileType = wrapper.application; includeInIndex = 0; path = Note.app; sourceTree = BUILT_PRODUCTS_DIR; };
		31A0D9C52BBE8143001B76E1 /* NoteApp.swift */ = {isa = PBXFileReference; lastKnownFileType = sourcecode.swift; path = NoteApp.swift; sourceTree = "<group>"; };
		31A0D9C72BBE8143001B76E1 /* ContentView.swift */ = {isa = PBXFileReference; lastKnownFileType = sourcecode.swift; path = ContentView.swift; sourceTree = "<group>"; };
		31A0D9C92BBE8144001B76E1 /* Assets.xcassets */ = {isa = PBXFileReference; lastKnownFileType = folder.assetcatalog; path = Assets.xcassets; sourceTree = "<group>"; };
		31A0D9CB2BBE8144001B76E1 /* Note.entitlements */ = {isa = PBXFileReference; lastKnownFileType = text.plist.entitlements; path = Note.entitlements; sourceTree = "<group>"; };
		31A0D9CD2BBE8144001B76E1 /* Preview Assets.xcassets */ = {isa = PBXFileReference; lastKnownFileType = folder.assetcatalog; path = "Preview Assets.xcassets"; sourceTree = "<group>"; };
		31A0D9D32BBE8144001B76E1 /* NoteTests.xctest */ = {isa = PBXFileReference; explicitFileType = wrapper.cfbundle; includeInIndex = 0; path = NoteTests.xctest; sourceTree = BUILT_PRODUCTS_DIR; };
		31A0D9D72BBE8145001B76E1 /* NoteTests.swift */ = {isa = PBXFileReference; lastKnownFileType = sourcecode.swift; path = NoteTests.swift; sourceTree = "<group>"; };
		31A0D9DD2BBE8145001B76E1 /* NoteUITests.xctest */ = {isa = PBXFileReference; explicitFileType = wrapper.cfbundle; includeInIndex = 0; path = NoteUITests.xctest; sourceTree = BUILT_PRODUCTS_DIR; };
		31A0D9E12BBE8145001B76E1 /* NoteUITests.swift */ = {isa = PBXFileReference; lastKnownFileType = sourcecode.swift; path = NoteUITests.swift; sourceTree = "<group>"; };
		31A0D9E32BBE8145001B76E1 /* NoteUITestsLaunchTests.swift */ = {isa = PBXFileReference; lastKnownFileType = sourcecode.swift; path = NoteUITestsLaunchTests.swift; sourceTree = "<group>"; };
		31A0D9F42BBE81E5001B76E1 /* User.swift */ = {isa = PBXFileReference; lastKnownFileType = sourcecode.swift; path = User.swift; sourceTree = "<group>"; };
		31A0D9F62BBE81F4001B76E1 /* NoteAppItem.swift */ = {isa = PBXFileReference; lastKnownFileType = sourcecode.swift; path = NoteAppItem.swift; sourceTree = "<group>"; };
		31A0D9F82BBE8240001B76E1 /* MainViewModel.swift */ = {isa = PBXFileReference; lastKnownFileType = sourcecode.swift; path = MainViewModel.swift; sourceTree = "<group>"; };
		31A0D9FA2BBE8257001B76E1 /* LoginViewModel.swift */ = {isa = PBXFileReference; lastKnownFileType = sourcecode.swift; path = LoginViewModel.swift; sourceTree = "<group>"; };
		31A0D9FC2BBE8266001B76E1 /* RegisterViewModel.swift */ = {isa = PBXFileReference; lastKnownFileType = sourcecode.swift; path = RegisterViewModel.swift; sourceTree = "<group>"; };
		31A0D9FE2BBE8274001B76E1 /* NoteAppViewModel.swift */ = {isa = PBXFileReference; lastKnownFileType = sourcecode.swift; path = NoteAppViewModel.swift; sourceTree = "<group>"; };
		31A0DA002BBE8288001B76E1 /* ProfileViewModel.swift */ = {isa = PBXFileReference; lastKnownFileType = sourcecode.swift; path = ProfileViewModel.swift; sourceTree = "<group>"; };
		31A0DA022BBE8295001B76E1 /* NoteAppItemViewModel.swift */ = {isa = PBXFileReference; lastKnownFileType = sourcecode.swift; path = NoteAppItemViewModel.swift; sourceTree = "<group>"; };
		31A0DA042BBE829F001B76E1 /* NoteItemViewModel.swift */ = {isa = PBXFileReference; lastKnownFileType = sourcecode.swift; path = NoteItemViewModel.swift; sourceTree = "<group>"; };
		31A0DA062BBE82FC001B76E1 /* GoogleService-Info.plist */ = {isa = PBXFileReference; fileEncoding = 4; lastKnownFileType = text.plist.xml; name = "GoogleService-Info.plist"; path = "../../Downloads/GoogleService-Info.plist"; sourceTree = "<group>"; };
		31A0DA082BBE8305001B76E1 /* GoogleService-Info.plist */ = {isa = PBXFileReference; lastKnownFileType = text.plist.xml; path = "GoogleService-Info.plist"; sourceTree = "<group>"; };
		31A0DA102BBE850D001B76E1 /* MainView.swift */ = {isa = PBXFileReference; lastKnownFileType = sourcecode.swift; path = MainView.swift; sourceTree = "<group>"; };
		31A0DA122BBE8534001B76E1 /* LoginView.swift */ = {isa = PBXFileReference; lastKnownFileType = sourcecode.swift; path = LoginView.swift; sourceTree = "<group>"; };
		31A0DA142BBE8540001B76E1 /* RegisterView.swift */ = {isa = PBXFileReference; lastKnownFileType = sourcecode.swift; path = RegisterView.swift; sourceTree = "<group>"; };
		31A0DA162BBE854E001B76E1 /* NoteAppView.swift */ = {isa = PBXFileReference; lastKnownFileType = sourcecode.swift; path = NoteAppView.swift; sourceTree = "<group>"; };
		31A0DA1A2BBE8571001B76E1 /* ProfileView.swift */ = {isa = PBXFileReference; lastKnownFileType = sourcecode.swift; path = ProfileView.swift; sourceTree = "<group>"; };
		31A0DA1C2BBE8580001B76E1 /* NoteAppItemView.swift */ = {isa = PBXFileReference; lastKnownFileType = sourcecode.swift; path = NoteAppItemView.swift; sourceTree = "<group>"; };
		31A0DA1E2BBE858B001B76E1 /* HeaderView.swift */ = {isa = PBXFileReference; lastKnownFileType = sourcecode.swift; path = HeaderView.swift; sourceTree = "<group>"; };
		31A0DA202BBE859C001B76E1 /* TLButton.swift */ = {isa = PBXFileReference; lastKnownFileType = sourcecode.swift; path = TLButton.swift; sourceTree = "<group>"; };
		31A0DA222BBE85BB001B76E1 /* Extensions.swift */ = {isa = PBXFileReference; lastKnownFileType = sourcecode.swift; path = Extensions.swift; sourceTree = "<group>"; };
		31A0DA242BBE867D001B76E1 /* NewItemView.swift */ = {isa = PBXFileReference; lastKnownFileType = sourcecode.swift; path = NewItemView.swift; sourceTree = "<group>"; };
		31A0DA2C2BBE8F10001B76E1 /* NotepadView.swift */ = {isa = PBXFileReference; lastKnownFileType = sourcecode.swift; path = NotepadView.swift; sourceTree = "<group>"; };
		31A0DA2E2BBE8F1D001B76E1 /* TextView.swift */ = {isa = PBXFileReference; lastKnownFileType = sourcecode.swift; path = TextView.swift; sourceTree = "<group>"; };
/* End PBXFileReference section */

/* Begin PBXFrameworksBuildPhase section */
		31A0D9BF2BBE8143001B76E1 /* Frameworks */ = {
			isa = PBXFrameworksBuildPhase;
			buildActionMask = 2147483647;
			files = (
				31A0DA0D2BBE83B4001B76E1 /* FirebaseDatabase in Frameworks */,
				31A0DA0B2BBE83B4001B76E1 /* FirebaseAuth in Frameworks */,
				31A0DA0F2BBE83B4001B76E1 /* FirebaseFirestoreSwift in Frameworks */,
			);
			runOnlyForDeploymentPostprocessing = 0;
		};
		31A0D9D02BBE8144001B76E1 /* Frameworks */ = {
			isa = PBXFrameworksBuildPhase;
			buildActionMask = 2147483647;
			files = (
			);
			runOnlyForDeploymentPostprocessing = 0;
		};
		31A0D9DA2BBE8145001B76E1 /* Frameworks */ = {
			isa = PBXFrameworksBuildPhase;
			buildActionMask = 2147483647;
			files = (
			);
			runOnlyForDeploymentPostprocessing = 0;
		};
/* End PBXFrameworksBuildPhase section */

/* Begin PBXGroup section */
		31A0D9B92BBE8143001B76E1 = {
			isa = PBXGroup;
			children = (
				31A0DA062BBE82FC001B76E1 /* GoogleService-Info.plist */,
				31A0D9C42BBE8143001B76E1 /* Note */,
				31A0D9D62BBE8144001B76E1 /* NoteTests */,
				31A0D9E02BBE8145001B76E1 /* NoteUITests */,
				31A0D9C32BBE8143001B76E1 /* Products */,
			);
			sourceTree = "<group>";
		};
		31A0D9C32BBE8143001B76E1 /* Products */ = {
			isa = PBXGroup;
			children = (
				31A0D9C22BBE8143001B76E1 /* Note.app */,
				31A0D9D32BBE8144001B76E1 /* NoteTests.xctest */,
				31A0D9DD2BBE8145001B76E1 /* NoteUITests.xctest */,
			);
			name = Products;
			sourceTree = "<group>";
		};
		31A0D9C42BBE8143001B76E1 /* Note */ = {
			isa = PBXGroup;
			children = (
				31A0D9C72BBE8143001B76E1 /* ContentView.swift */,
				31A0D9F02BBE8154001B76E1 /* Others */,
				31A0D9F12BBE81AD001B76E1 /* Models */,
				31A0D9F22BBE81B2001B76E1 /* ViewModel */,
				31A0D9F32BBE81BA001B76E1 /* Views */,
				31A0D9CB2BBE8144001B76E1 /* Note.entitlements */,
				31A0D9CC2BBE8144001B76E1 /* Preview Content */,
			);
			path = Note;
			sourceTree = "<group>";
		};
		31A0D9CC2BBE8144001B76E1 /* Preview Content */ = {
			isa = PBXGroup;
			children = (
				31A0D9CD2BBE8144001B76E1 /* Preview Assets.xcassets */,
			);
			path = "Preview Content";
			sourceTree = "<group>";
		};
		31A0D9D62BBE8144001B76E1 /* NoteTests */ = {
			isa = PBXGroup;
			children = (
				31A0D9D72BBE8145001B76E1 /* NoteTests.swift */,
			);
			path = NoteTests;
			sourceTree = "<group>";
		};
		31A0D9E02BBE8145001B76E1 /* NoteUITests */ = {
			isa = PBXGroup;
			children = (
				31A0D9E12BBE8145001B76E1 /* NoteUITests.swift */,
				31A0D9E32BBE8145001B76E1 /* NoteUITestsLaunchTests.swift */,
			);
			path = NoteUITests;
			sourceTree = "<group>";
		};
		31A0D9F02BBE8154001B76E1 /* Others */ = {
			isa = PBXGroup;
			children = (
				31A0DA082BBE8305001B76E1 /* GoogleService-Info.plist */,
				31A0D9C52BBE8143001B76E1 /* NoteApp.swift */,
				31A0D9C92BBE8144001B76E1 /* Assets.xcassets */,
				31A0DA222BBE85BB001B76E1 /* Extensions.swift */,
			);
			path = Others;
			sourceTree = "<group>";
		};
		31A0D9F12BBE81AD001B76E1 /* Models */ = {
			isa = PBXGroup;
			children = (
				31A0D9F42BBE81E5001B76E1 /* User.swift */,
				31A0D9F62BBE81F4001B76E1 /* NoteAppItem.swift */,
			);
			path = Models;
			sourceTree = "<group>";
		};
		31A0D9F22BBE81B2001B76E1 /* ViewModel */ = {
			isa = PBXGroup;
			children = (
				31A0D9F82BBE8240001B76E1 /* MainViewModel.swift */,
				31A0D9FA2BBE8257001B76E1 /* LoginViewModel.swift */,
				31A0D9FC2BBE8266001B76E1 /* RegisterViewModel.swift */,
				31A0D9FE2BBE8274001B76E1 /* NoteAppViewModel.swift */,
				31A0DA002BBE8288001B76E1 /* ProfileViewModel.swift */,
				31A0DA022BBE8295001B76E1 /* NoteAppItemViewModel.swift */,
				31A0DA042BBE829F001B76E1 /* NoteItemViewModel.swift */,
			);
			path = ViewModel;
			sourceTree = "<group>";
		};
		31A0D9F32BBE81BA001B76E1 /* Views */ = {
			isa = PBXGroup;
			children = (
				31A0DA102BBE850D001B76E1 /* MainView.swift */,
				31A0DA122BBE8534001B76E1 /* LoginView.swift */,
				31A0DA142BBE8540001B76E1 /* RegisterView.swift */,
				31A0DA162BBE854E001B76E1 /* NoteAppView.swift */,
				31A0DA1A2BBE8571001B76E1 /* ProfileView.swift */,
				31A0DA1C2BBE8580001B76E1 /* NoteAppItemView.swift */,
				31A0DA1E2BBE858B001B76E1 /* HeaderView.swift */,
				31A0DA202BBE859C001B76E1 /* TLButton.swift */,
				31A0DA242BBE867D001B76E1 /* NewItemView.swift */,
				31A0DA2C2BBE8F10001B76E1 /* NotepadView.swift */,
				31A0DA2E2BBE8F1D001B76E1 /* TextView.swift */,
			);
			path = Views;
			sourceTree = "<group>";
		};
/* End PBXGroup section */

/* Begin PBXNativeTarget section */
		31A0D9C12BBE8143001B76E1 /* Note */ = {
			isa = PBXNativeTarget;
			buildConfigurationList = 31A0D9E72BBE8145001B76E1 /* Build configuration list for PBXNativeTarget "Note" */;
			buildPhases = (
				31A0D9BE2BBE8143001B76E1 /* Sources */,
				31A0D9BF2BBE8143001B76E1 /* Frameworks */,
				31A0D9C02BBE8143001B76E1 /* Resources */,
			);
			buildRules = (
			);
			dependencies = (
			);
			name = Note;
			packageProductDependencies = (
				31A0DA0A2BBE83B4001B76E1 /* FirebaseAuth */,
				31A0DA0C2BBE83B4001B76E1 /* FirebaseDatabase */,
				31A0DA0E2BBE83B4001B76E1 /* FirebaseFirestoreSwift */,
			);
			productName = Note;
			productReference = 31A0D9C22BBE8143001B76E1 /* Note.app */;
			productType = "com.apple.product-type.application";
		};
		31A0D9D22BBE8144001B76E1 /* NoteTests */ = {
			isa = PBXNativeTarget;
			buildConfigurationList = 31A0D9EA2BBE8145001B76E1 /* Build configuration list for PBXNativeTarget "NoteTests" */;
			buildPhases = (
				31A0D9CF2BBE8144001B76E1 /* Sources */,
				31A0D9D02BBE8144001B76E1 /* Frameworks */,
				31A0D9D12BBE8144001B76E1 /* Resources */,
			);
			buildRules = (
			);
			dependencies = (
				31A0D9D52BBE8144001B76E1 /* PBXTargetDependency */,
			);
			name = NoteTests;
			productName = NoteTests;
			productReference = 31A0D9D32BBE8144001B76E1 /* NoteTests.xctest */;
			productType = "com.apple.product-type.bundle.unit-test";
		};
		31A0D9DC2BBE8145001B76E1 /* NoteUITests */ = {
			isa = PBXNativeTarget;
			buildConfigurationList = 31A0D9ED2BBE8145001B76E1 /* Build configuration list for PBXNativeTarget "NoteUITests" */;
			buildPhases = (
				31A0D9D92BBE8145001B76E1 /* Sources */,
				31A0D9DA2BBE8145001B76E1 /* Frameworks */,
				31A0D9DB2BBE8145001B76E1 /* Resources */,
			);
			buildRules = (
			);
			dependencies = (
				31A0D9DF2BBE8145001B76E1 /* PBXTargetDependency */,
			);
			name = NoteUITests;
			productName = NoteUITests;
			productReference = 31A0D9DD2BBE8145001B76E1 /* NoteUITests.xctest */;
			productType = "com.apple.product-type.bundle.ui-testing";
		};
/* End PBXNativeTarget section */

/* Begin PBXProject section */
		31A0D9BA2BBE8143001B76E1 /* Project object */ = {
			isa = PBXProject;
			attributes = {
				BuildIndependentTargetsInParallel = 1;
				LastSwiftUpdateCheck = 1420;
				LastUpgradeCheck = 1420;
				TargetAttributes = {
					31A0D9C12BBE8143001B76E1 = {
						CreatedOnToolsVersion = 14.2;
					};
					31A0D9D22BBE8144001B76E1 = {
						CreatedOnToolsVersion = 14.2;
						TestTargetID = 31A0D9C12BBE8143001B76E1;
					};
					31A0D9DC2BBE8145001B76E1 = {
						CreatedOnToolsVersion = 14.2;
						TestTargetID = 31A0D9C12BBE8143001B76E1;
					};
				};
			};
			buildConfigurationList = 31A0D9BD2BBE8143001B76E1 /* Build configuration list for PBXProject "Note" */;
			compatibilityVersion = "Xcode 14.0";
			developmentRegion = en;
			hasScannedForEncodings = 0;
			knownRegions = (
				en,
				Base,
			);
			mainGroup = 31A0D9B92BBE8143001B76E1;
			packageReferences = (
				31A0DA092BBE83B4001B76E1 /* XCRemoteSwiftPackageReference "firebase-ios-sdk" */,
			);
			productRefGroup = 31A0D9C32BBE8143001B76E1 /* Products */;
			projectDirPath = "";
			projectRoot = "";
			targets = (
				31A0D9C12BBE8143001B76E1 /* Note */,
				31A0D9D22BBE8144001B76E1 /* NoteTests */,
				31A0D9DC2BBE8145001B76E1 /* NoteUITests */,
			);
		};
/* End PBXProject section */

/* Begin PBXResourcesBuildPhase section */
		31A0D9C02BBE8143001B76E1 /* Resources */ = {
			isa = PBXResourcesBuildPhase;
			buildActionMask = 2147483647;
			files = (
				31A0D9CE2BBE8144001B76E1 /* Preview Assets.xcassets in Resources */,
				31A0D9CA2BBE8144001B76E1 /* Assets.xcassets in Resources */,
				31A0DA072BBE82FC001B76E1 /* GoogleService-Info.plist in Resources */,
			);
			runOnlyForDeploymentPostprocessing = 0;
		};
		31A0D9D12BBE8144001B76E1 /* Resources */ = {
			isa = PBXResourcesBuildPhase;
			buildActionMask = 2147483647;
			files = (
			);
			runOnlyForDeploymentPostprocessing = 0;
		};
		31A0D9DB2BBE8145001B76E1 /* Resources */ = {
			isa = PBXResourcesBuildPhase;
			buildActionMask = 2147483647;
			files = (
			);
			runOnlyForDeploymentPostprocessing = 0;
		};
/* End PBXResourcesBuildPhase section */

/* Begin PBXSourcesBuildPhase section */
		31A0D9BE2BBE8143001B76E1 /* Sources */ = {
			isa = PBXSourcesBuildPhase;
			buildActionMask = 2147483647;
			files = (
				31A0D9F92BBE8240001B76E1 /* MainViewModel.swift in Sources */,
				31A0DA1F2BBE858B001B76E1 /* HeaderView.swift in Sources */,
				31A0DA112BBE850D001B76E1 /* MainView.swift in Sources */,
				31A0DA032BBE8295001B76E1 /* NoteAppItemViewModel.swift in Sources */,
				31A0DA152BBE8540001B76E1 /* RegisterView.swift in Sources */,
				31A0D9C82BBE8143001B76E1 /* ContentView.swift in Sources */,
				31A0D9FD2BBE8266001B76E1 /* RegisterViewModel.swift in Sources */,
				31A0DA212BBE859C001B76E1 /* TLButton.swift in Sources */,
				31A0DA2D2BBE8F10001B76E1 /* NotepadView.swift in Sources */,
				31A0DA052BBE829F001B76E1 /* NoteItemViewModel.swift in Sources */,
				31A0DA252BBE867D001B76E1 /* NewItemView.swift in Sources */,
				31A0DA012BBE8288001B76E1 /* ProfileViewModel.swift in Sources */,
				31A0DA1B2BBE8571001B76E1 /* ProfileView.swift in Sources */,
				31A0D9FB2BBE8257001B76E1 /* LoginViewModel.swift in Sources */,
				31A0D9FF2BBE8274001B76E1 /* NoteAppViewModel.swift in Sources */,
				31A0D9C62BBE8143001B76E1 /* NoteApp.swift in Sources */,
				31A0DA132BBE8534001B76E1 /* LoginView.swift in Sources */,
				31A0DA232BBE85BB001B76E1 /* Extensions.swift in Sources */,
				31A0D9F72BBE81F4001B76E1 /* NoteAppItem.swift in Sources */,
				31A0DA172BBE854E001B76E1 /* NoteAppView.swift in Sources */,
				31A0DA2F2BBE8F1D001B76E1 /* TextView.swift in Sources */,
				31A0DA1D2BBE8580001B76E1 /* NoteAppItemView.swift in Sources */,
				31A0D9F52BBE81E5001B76E1 /* User.swift in Sources */,
			);
			runOnlyForDeploymentPostprocessing = 0;
		};
		31A0D9CF2BBE8144001B76E1 /* Sources */ = {
			isa = PBXSourcesBuildPhase;
			buildActionMask = 2147483647;
			files = (
				31A0D9D82BBE8145001B76E1 /* NoteTests.swift in Sources */,
			);
			runOnlyForDeploymentPostprocessing = 0;
		};
		31A0D9D92BBE8145001B76E1 /* Sources */ = {
			isa = PBXSourcesBuildPhase;
			buildActionMask = 2147483647;
			files = (
				31A0D9E42BBE8145001B76E1 /* NoteUITestsLaunchTests.swift in Sources */,
				31A0D9E22BBE8145001B76E1 /* NoteUITests.swift in Sources */,
			);
			runOnlyForDeploymentPostprocessing = 0;
		};
/* End PBXSourcesBuildPhase section */

/* Begin PBXTargetDependency section */
		31A0D9D52BBE8144001B76E1 /* PBXTargetDependency */ = {
			isa = PBXTargetDependency;
			target = 31A0D9C12BBE8143001B76E1 /* Note */;
			targetProxy = 31A0D9D42BBE8144001B76E1 /* PBXContainerItemProxy */;
		};
		31A0D9DF2BBE8145001B76E1 /* PBXTargetDependency */ = {
			isa = PBXTargetDependency;
			target = 31A0D9C12BBE8143001B76E1 /* Note */;
			targetProxy = 31A0D9DE2BBE8145001B76E1 /* PBXContainerItemProxy */;
		};
/* End PBXTargetDependency section */

/* Begin XCBuildConfiguration section */
		31A0D9E52BBE8145001B76E1 /* Debug */ = {
			isa = XCBuildConfiguration;
			buildSettings = {
				ALWAYS_SEARCH_USER_PATHS = NO;
				CLANG_ANALYZER_NONNULL = YES;
				CLANG_ANALYZER_NUMBER_OBJECT_CONVERSION = YES_AGGRESSIVE;
				CLANG_CXX_LANGUAGE_STANDARD = "gnu++20";
				CLANG_ENABLE_MODULES = YES;
				CLANG_ENABLE_OBJC_ARC = YES;
				CLANG_ENABLE_OBJC_WEAK = YES;
				CLANG_WARN_BLOCK_CAPTURE_AUTORELEASING = YES;
				CLANG_WARN_BOOL_CONVERSION = YES;
				CLANG_WARN_COMMA = YES;
				CLANG_WARN_CONSTANT_CONVERSION = YES;
				CLANG_WARN_DEPRECATED_OBJC_IMPLEMENTATIONS = YES;
				CLANG_WARN_DIRECT_OBJC_ISA_USAGE = YES_ERROR;
				CLANG_WARN_DOCUMENTATION_COMMENTS = YES;
				CLANG_WARN_EMPTY_BODY = YES;
				CLANG_WARN_ENUM_CONVERSION = YES;
				CLANG_WARN_INFINITE_RECURSION = YES;
				CLANG_WARN_INT_CONVERSION = YES;
				CLANG_WARN_NON_LITERAL_NULL_CONVERSION = YES;
				CLANG_WARN_OBJC_IMPLICIT_RETAIN_SELF = YES;
				CLANG_WARN_OBJC_LITERAL_CONVERSION = YES;
				CLANG_WARN_OBJC_ROOT_CLASS = YES_ERROR;
				CLANG_WARN_QUOTED_INCLUDE_IN_FRAMEWORK_HEADER = YES;
				CLANG_WARN_RANGE_LOOP_ANALYSIS = YES;
				CLANG_WARN_STRICT_PROTOTYPES = YES;
				CLANG_WARN_SUSPICIOUS_MOVE = YES;
				CLANG_WARN_UNGUARDED_AVAILABILITY = YES_AGGRESSIVE;
				CLANG_WARN_UNREACHABLE_CODE = YES;
				CLANG_WARN__DUPLICATE_METHOD_MATCH = YES;
				COPY_PHASE_STRIP = NO;
				DEBUG_INFORMATION_FORMAT = dwarf;
				ENABLE_STRICT_OBJC_MSGSEND = YES;
				ENABLE_TESTABILITY = YES;
				GCC_C_LANGUAGE_STANDARD = gnu11;
				GCC_DYNAMIC_NO_PIC = NO;
				GCC_NO_COMMON_BLOCKS = YES;
				GCC_OPTIMIZATION_LEVEL = 0;
				GCC_PREPROCESSOR_DEFINITIONS = (
					"DEBUG=1",
					"$(inherited)",
				);
				GCC_WARN_64_TO_32_BIT_CONVERSION = YES;
				GCC_WARN_ABOUT_RETURN_TYPE = YES_ERROR;
				GCC_WARN_UNDECLARED_SELECTOR = YES;
				GCC_WARN_UNINITIALIZED_AUTOS = YES_AGGRESSIVE;
				GCC_WARN_UNUSED_FUNCTION = YES;
				GCC_WARN_UNUSED_VARIABLE = YES;
				MTL_ENABLE_DEBUG_INFO = INCLUDE_SOURCE;
				MTL_FAST_MATH = YES;
				ONLY_ACTIVE_ARCH = YES;
				SWIFT_ACTIVE_COMPILATION_CONDITIONS = DEBUG;
				SWIFT_OPTIMIZATION_LEVEL = "-Onone";
			};
			name = Debug;
		};
		31A0D9E62BBE8145001B76E1 /* Release */ = {
			isa = XCBuildConfiguration;
			buildSettings = {
				ALWAYS_SEARCH_USER_PATHS = NO;
				CLANG_ANALYZER_NONNULL = YES;
				CLANG_ANALYZER_NUMBER_OBJECT_CONVERSION = YES_AGGRESSIVE;
				CLANG_CXX_LANGUAGE_STANDARD = "gnu++20";
				CLANG_ENABLE_MODULES = YES;
				CLANG_ENABLE_OBJC_ARC = YES;
				CLANG_ENABLE_OBJC_WEAK = YES;
				CLANG_WARN_BLOCK_CAPTURE_AUTORELEASING = YES;
				CLANG_WARN_BOOL_CONVERSION = YES;
				CLANG_WARN_COMMA = YES;
				CLANG_WARN_CONSTANT_CONVERSION = YES;
				CLANG_WARN_DEPRECATED_OBJC_IMPLEMENTATIONS = YES;
				CLANG_WARN_DIRECT_OBJC_ISA_USAGE = YES_ERROR;
				CLANG_WARN_DOCUMENTATION_COMMENTS = YES;
				CLANG_WARN_EMPTY_BODY = YES;
				CLANG_WARN_ENUM_CONVERSION = YES;
				CLANG_WARN_INFINITE_RECURSION = YES;
				CLANG_WARN_INT_CONVERSION = YES;
				CLANG_WARN_NON_LITERAL_NULL_CONVERSION = YES;
				CLANG_WARN_OBJC_IMPLICIT_RETAIN_SELF = YES;
				CLANG_WARN_OBJC_LITERAL_CONVERSION = YES;
				CLANG_WARN_OBJC_ROOT_CLASS = YES_ERROR;
				CLANG_WARN_QUOTED_INCLUDE_IN_FRAMEWORK_HEADER = YES;
				CLANG_WARN_RANGE_LOOP_ANALYSIS = YES;
				CLANG_WARN_STRICT_PROTOTYPES = YES;
				CLANG_WARN_SUSPICIOUS_MOVE = YES;
				CLANG_WARN_UNGUARDED_AVAILABILITY = YES_AGGRESSIVE;
				CLANG_WARN_UNREACHABLE_CODE = YES;
				CLANG_WARN__DUPLICATE_METHOD_MATCH = YES;
				COPY_PHASE_STRIP = NO;
				DEBUG_INFORMATION_FORMAT = "dwarf-with-dsym";
				ENABLE_NS_ASSERTIONS = NO;
				ENABLE_STRICT_OBJC_MSGSEND = YES;
				GCC_C_LANGUAGE_STANDARD = gnu11;
				GCC_NO_COMMON_BLOCKS = YES;
				GCC_WARN_64_TO_32_BIT_CONVERSION = YES;
				GCC_WARN_ABOUT_RETURN_TYPE = YES_ERROR;
				GCC_WARN_UNDECLARED_SELECTOR = YES;
				GCC_WARN_UNINITIALIZED_AUTOS = YES_AGGRESSIVE;
				GCC_WARN_UNUSED_FUNCTION = YES;
				GCC_WARN_UNUSED_VARIABLE = YES;
				MTL_ENABLE_DEBUG_INFO = NO;
				MTL_FAST_MATH = YES;
				SWIFT_COMPILATION_MODE = wholemodule;
				SWIFT_OPTIMIZATION_LEVEL = "-O";
			};
			name = Release;
		};
		31A0D9E82BBE8145001B76E1 /* Debug */ = {
			isa = XCBuildConfiguration;
			buildSettings = {
				ASSETCATALOG_COMPILER_APPICON_NAME = AppIcon;
				ASSETCATALOG_COMPILER_GLOBAL_ACCENT_COLOR_NAME = AccentColor;
				CODE_SIGN_ENTITLEMENTS = Note/Note.entitlements;
				CODE_SIGN_STYLE = Automatic;
				CURRENT_PROJECT_VERSION = 1;
				DEVELOPMENT_ASSET_PATHS = "\"Note/Preview Content\"";
				DEVELOPMENT_TEAM = YFZDC9T4S3;
				ENABLE_HARDENED_RUNTIME = YES;
				ENABLE_PREVIEWS = YES;
				GENERATE_INFOPLIST_FILE = YES;
				"INFOPLIST_KEY_UIApplicationSceneManifest_Generation[sdk=iphoneos*]" = YES;
				"INFOPLIST_KEY_UIApplicationSceneManifest_Generation[sdk=iphonesimulator*]" = YES;
				"INFOPLIST_KEY_UIApplicationSupportsIndirectInputEvents[sdk=iphoneos*]" = YES;
				"INFOPLIST_KEY_UIApplicationSupportsIndirectInputEvents[sdk=iphonesimulator*]" = YES;
				"INFOPLIST_KEY_UILaunchScreen_Generation[sdk=iphoneos*]" = YES;
				"INFOPLIST_KEY_UILaunchScreen_Generation[sdk=iphonesimulator*]" = YES;
				"INFOPLIST_KEY_UIStatusBarStyle[sdk=iphoneos*]" = UIStatusBarStyleDefault;
				"INFOPLIST_KEY_UIStatusBarStyle[sdk=iphonesimulator*]" = UIStatusBarStyleDefault;
				INFOPLIST_KEY_UISupportedInterfaceOrientations_iPad = "UIInterfaceOrientationPortrait UIInterfaceOrientationPortraitUpsideDown UIInterfaceOrientationLandscapeLeft UIInterfaceOrientationLandscapeRight";
				INFOPLIST_KEY_UISupportedInterfaceOrientations_iPhone = "UIInterfaceOrientationPortrait UIInterfaceOrientationLandscapeLeft UIInterfaceOrientationLandscapeRight";
				IPHONEOS_DEPLOYMENT_TARGET = 16.2;
				LD_RUNPATH_SEARCH_PATHS = "@executable_path/Frameworks";
				"LD_RUNPATH_SEARCH_PATHS[sdk=macosx*]" = "@executable_path/../Frameworks";
				MACOSX_DEPLOYMENT_TARGET = 12.7;
				MARKETING_VERSION = 1.0;
				PRODUCT_BUNDLE_IDENTIFIER = App.Note;
				PRODUCT_NAME = "$(TARGET_NAME)";
				SDKROOT = auto;
				SUPPORTED_PLATFORMS = "iphoneos iphonesimulator macosx";
				SWIFT_EMIT_LOC_STRINGS = YES;
				SWIFT_VERSION = 5.0;
				TARGETED_DEVICE_FAMILY = "1,2";
			};
			name = Debug;
		};
		31A0D9E92BBE8145001B76E1 /* Release */ = {
			isa = XCBuildConfiguration;
			buildSettings = {
				ASSETCATALOG_COMPILER_APPICON_NAME = AppIcon;
				ASSETCATALOG_COMPILER_GLOBAL_ACCENT_COLOR_NAME = AccentColor;
				CODE_SIGN_ENTITLEMENTS = Note/Note.entitlements;
				CODE_SIGN_STYLE = Automatic;
				CURRENT_PROJECT_VERSION = 1;
				DEVELOPMENT_ASSET_PATHS = "\"Note/Preview Content\"";
				DEVELOPMENT_TEAM = YFZDC9T4S3;
				ENABLE_HARDENED_RUNTIME = YES;
				ENABLE_PREVIEWS = YES;
				GENERATE_INFOPLIST_FILE = YES;
				"INFOPLIST_KEY_UIApplicationSceneManifest_Generation[sdk=iphoneos*]" = YES;
				"INFOPLIST_KEY_UIApplicationSceneManifest_Generation[sdk=iphonesimulator*]" = YES;
				"INFOPLIST_KEY_UIApplicationSupportsIndirectInputEvents[sdk=iphoneos*]" = YES;
				"INFOPLIST_KEY_UIApplicationSupportsIndirectInputEvents[sdk=iphonesimulator*]" = YES;
				"INFOPLIST_KEY_UILaunchScreen_Generation[sdk=iphoneos*]" = YES;
				"INFOPLIST_KEY_UILaunchScreen_Generation[sdk=iphonesimulator*]" = YES;
				"INFOPLIST_KEY_UIStatusBarStyle[sdk=iphoneos*]" = UIStatusBarStyleDefault;
				"INFOPLIST_KEY_UIStatusBarStyle[sdk=iphonesimulator*]" = UIStatusBarStyleDefault;
				INFOPLIST_KEY_UISupportedInterfaceOrientations_iPad = "UIInterfaceOrientationPortrait UIInterfaceOrientationPortraitUpsideDown UIInterfaceOrientationLandscapeLeft UIInterfaceOrientationLandscapeRight";
				INFOPLIST_KEY_UISupportedInterfaceOrientations_iPhone = "UIInterfaceOrientationPortrait UIInterfaceOrientationLandscapeLeft UIInterfaceOrientationLandscapeRight";
				IPHONEOS_DEPLOYMENT_TARGET = 16.2;
				LD_RUNPATH_SEARCH_PATHS = "@executable_path/Frameworks";
				"LD_RUNPATH_SEARCH_PATHS[sdk=macosx*]" = "@executable_path/../Frameworks";
				MACOSX_DEPLOYMENT_TARGET = 12.7;
				MARKETING_VERSION = 1.0;
				PRODUCT_BUNDLE_IDENTIFIER = App.Note;
				PRODUCT_NAME = "$(TARGET_NAME)";
				SDKROOT = auto;
				SUPPORTED_PLATFORMS = "iphoneos iphonesimulator macosx";
				SWIFT_EMIT_LOC_STRINGS = YES;
				SWIFT_VERSION = 5.0;
				TARGETED_DEVICE_FAMILY = "1,2";
			};
			name = Release;
		};
		31A0D9EB2BBE8145001B76E1 /* Debug */ = {
			isa = XCBuildConfiguration;
			buildSettings = {
				ALWAYS_EMBED_SWIFT_STANDARD_LIBRARIES = YES;
				BUNDLE_LOADER = "$(TEST_HOST)";
				CODE_SIGN_STYLE = Automatic;
				CURRENT_PROJECT_VERSION = 1;
				DEVELOPMENT_TEAM = YFZDC9T4S3;
				GENERATE_INFOPLIST_FILE = YES;
				IPHONEOS_DEPLOYMENT_TARGET = 16.2;
				MACOSX_DEPLOYMENT_TARGET = 12.7;
				MARKETING_VERSION = 1.0;
				PRODUCT_BUNDLE_IDENTIFIER = App.NoteTests;
				PRODUCT_NAME = "$(TARGET_NAME)";
				SDKROOT = auto;
				SUPPORTED_PLATFORMS = "iphoneos iphonesimulator macosx";
				SWIFT_EMIT_LOC_STRINGS = NO;
				SWIFT_VERSION = 5.0;
				TARGETED_DEVICE_FAMILY = "1,2";
				TEST_HOST = "$(BUILT_PRODUCTS_DIR)/Note.app/$(BUNDLE_EXECUTABLE_FOLDER_PATH)/Note";
			};
			name = Debug;
		};
		31A0D9EC2BBE8145001B76E1 /* Release */ = {
			isa = XCBuildConfiguration;
			buildSettings = {
				ALWAYS_EMBED_SWIFT_STANDARD_LIBRARIES = YES;
				BUNDLE_LOADER = "$(TEST_HOST)";
				CODE_SIGN_STYLE = Automatic;
				CURRENT_PROJECT_VERSION = 1;
				DEVELOPMENT_TEAM = YFZDC9T4S3;
				GENERATE_INFOPLIST_FILE = YES;
				IPHONEOS_DEPLOYMENT_TARGET = 16.2;
				MACOSX_DEPLOYMENT_TARGET = 12.7;
				MARKETING_VERSION = 1.0;
				PRODUCT_BUNDLE_IDENTIFIER = App.NoteTests;
				PRODUCT_NAME = "$(TARGET_NAME)";
				SDKROOT = auto;
				SUPPORTED_PLATFORMS = "iphoneos iphonesimulator macosx";
				SWIFT_EMIT_LOC_STRINGS = NO;
				SWIFT_VERSION = 5.0;
				TARGETED_DEVICE_FAMILY = "1,2";
				TEST_HOST = "$(BUILT_PRODUCTS_DIR)/Note.app/$(BUNDLE_EXECUTABLE_FOLDER_PATH)/Note";
			};
			name = Release;
		};
		31A0D9EE2BBE8145001B76E1 /* Debug */ = {
			isa = XCBuildConfiguration;
			buildSettings = {
				ALWAYS_EMBED_SWIFT_STANDARD_LIBRARIES = YES;
				CODE_SIGN_STYLE = Automatic;
				CURRENT_PROJECT_VERSION = 1;
				DEVELOPMENT_TEAM = YFZDC9T4S3;
				GENERATE_INFOPLIST_FILE = YES;
				IPHONEOS_DEPLOYMENT_TARGET = 16.2;
				MACOSX_DEPLOYMENT_TARGET = 12.7;
				MARKETING_VERSION = 1.0;
				PRODUCT_BUNDLE_IDENTIFIER = App.NoteUITests;
				PRODUCT_NAME = "$(TARGET_NAME)";
				SDKROOT = auto;
				SUPPORTED_PLATFORMS = "iphoneos iphonesimulator macosx";
				SWIFT_EMIT_LOC_STRINGS = NO;
				SWIFT_VERSION = 5.0;
				TARGETED_DEVICE_FAMILY = "1,2";
				TEST_TARGET_NAME = Note;
			};
			name = Debug;
		};
		31A0D9EF2BBE8145001B76E1 /* Release */ = {
			isa = XCBuildConfiguration;
			buildSettings = {
				ALWAYS_EMBED_SWIFT_STANDARD_LIBRARIES = YES;
				CODE_SIGN_STYLE = Automatic;
				CURRENT_PROJECT_VERSION = 1;
				DEVELOPMENT_TEAM = YFZDC9T4S3;
				GENERATE_INFOPLIST_FILE = YES;
				IPHONEOS_DEPLOYMENT_TARGET = 16.2;
				MACOSX_DEPLOYMENT_TARGET = 12.7;
				MARKETING_VERSION = 1.0;
				PRODUCT_BUNDLE_IDENTIFIER = App.NoteUITests;
				PRODUCT_NAME = "$(TARGET_NAME)";
				SDKROOT = auto;
				SUPPORTED_PLATFORMS = "iphoneos iphonesimulator macosx";
				SWIFT_EMIT_LOC_STRINGS = NO;
				SWIFT_VERSION = 5.0;
				TARGETED_DEVICE_FAMILY = "1,2";
				TEST_TARGET_NAME = Note;
			};
			name = Release;
		};
/* End XCBuildConfiguration section */

/* Begin XCConfigurationList section */
		31A0D9BD2BBE8143001B76E1 /* Build configuration list for PBXProject "Note" */ = {
			isa = XCConfigurationList;
			buildConfigurations = (
				31A0D9E52BBE8145001B76E1 /* Debug */,
				31A0D9E62BBE8145001B76E1 /* Release */,
			);
			defaultConfigurationIsVisible = 0;
			defaultConfigurationName = Release;
		};
		31A0D9E72BBE8145001B76E1 /* Build configuration list for PBXNativeTarget "Note" */ = {
			isa = XCConfigurationList;
			buildConfigurations = (
				31A0D9E82BBE8145001B76E1 /* Debug */,
				31A0D9E92BBE8145001B76E1 /* Release */,
			);
			defaultConfigurationIsVisible = 0;
			defaultConfigurationName = Release;
		};
		31A0D9EA2BBE8145001B76E1 /* Build configuration list for PBXNativeTarget "NoteTests" */ = {
			isa = XCConfigurationList;
			buildConfigurations = (
				31A0D9EB2BBE8145001B76E1 /* Debug */,
				31A0D9EC2BBE8145001B76E1 /* Release */,
			);
			defaultConfigurationIsVisible = 0;
			defaultConfigurationName = Release;
		};
		31A0D9ED2BBE8145001B76E1 /* Build configuration list for PBXNativeTarget "NoteUITests" */ = {
			isa = XCConfigurationList;
			buildConfigurations = (
				31A0D9EE2BBE8145001B76E1 /* Debug */,
				31A0D9EF2BBE8145001B76E1 /* Release */,
			);
			defaultConfigurationIsVisible = 0;
			defaultConfigurationName = Release;
		};
/* End XCConfigurationList section */

/* Begin XCRemoteSwiftPackageReference section */
		31A0DA092BBE83B4001B76E1 /* XCRemoteSwiftPackageReference "firebase-ios-sdk" */ = {
			isa = XCRemoteSwiftPackageReference;
			repositoryURL = "https://github.com/firebase/firebase-ios-sdk";
			requirement = {
				kind = upToNextMajorVersion;
				minimumVersion = 9.0.0;
			};
		};
/* End XCRemoteSwiftPackageReference section */

/* Begin XCSwiftPackageProductDependency section */
		31A0DA0A2BBE83B4001B76E1 /* FirebaseAuth */ = {
			isa = XCSwiftPackageProductDependency;
			package = 31A0DA092BBE83B4001B76E1 /* XCRemoteSwiftPackageReference "firebase-ios-sdk" */;
			productName = FirebaseAuth;
		};
		31A0DA0C2BBE83B4001B76E1 /* FirebaseDatabase */ = {
			isa = XCSwiftPackageProductDependency;
			package = 31A0DA092BBE83B4001B76E1 /* XCRemoteSwiftPackageReference "firebase-ios-sdk" */;
			productName = FirebaseDatabase;
		};
		31A0DA0E2BBE83B4001B76E1 /* FirebaseFirestoreSwift */ = {
			isa = XCSwiftPackageProductDependency;
			package = 31A0DA092BBE83B4001B76E1 /* XCRemoteSwiftPackageReference "firebase-ios-sdk" */;
			productName = FirebaseFirestoreSwift;
		};
/* End XCSwiftPackageProductDependency section */
	};
	rootObject = 31A0D9BA2BBE8143001B76E1 /* Project object */;
}
